
Microsoft Visual Studio Solution File, Format Version 12.00
# Visual Studio 15
VisualStudioVersion = 15.0.28010.2026
MinimumVisualStudioVersion = 10.0.40219.1
Project("{FAE04EC0-301F-11D3-BF4B-00C04F79EFBC}") = "PreventReboot", "PreventReboot\PreventReboot.csproj", "{F2C5715E-E25D-4CA9-BC40-B299B5CD3271}"
EndProject
Project("{FAE04EC0-301F-11D3-BF4B-00C04F79EFBC}") = "PreventReboot.Test", "PreventReboot.Test\PreventReboot.Test.csproj", "{B0AE09DA-A8B4-419E-AF36-29CFC69CF2D9}"
EndProject
Global
	GlobalSection(SolutionConfigurationPlatforms) = preSolution
		Debug|Any CPU = Debug|Any CPU
		Release|Any CPU = Release|Any CPU
	EndGlobalSection
	GlobalSection(ProjectConfigurationPlatforms) = postSolution
		{F2C5715E-E25D-4CA9-BC40-B299B5CD3271}.Debug|Any CPU.ActiveCfg = Debug|Any CPU
		{F2C5715E-E25D-4CA9-BC40-B299B5CD3271}.Debug|Any CPU.Build.0 = Debug|Any CPU
		{F2C5715E-E25D-4CA9-BC40-B299B5CD3271}.Release|Any CPU.ActiveCfg = Release|Any CPU
		{F2C5715E-E25D-4CA9-BC40-B299B5CD3271}.Release|Any CPU.Build.0 = Release|Any CPU
		{B0AE09DA-A8B4-419E-AF36-29CFC69CF2D9}.Debug|Any CPU.ActiveCfg = Debug|Any CPU
		{B0AE09DA-A8B4-419E-AF36-29CFC69CF2D9}.Debug|Any CPU.Build.0 = Debug|Any CPU
		{B0AE09DA-A8B4-419E-AF36-29CFC69CF2D9}.Release|Any CPU.ActiveCfg = Release|Any CPU
		{B0AE09DA-A8B4-419E-AF36-29CFC69CF2D9}.Release|Any CPU.Build.0 = Release|Any CPU
	EndGlobalSection
	GlobalSection(SolutionProperties) = preSolution
		HideSolutionNode = FALSE
	EndGlobalSection
	GlobalSection(ExtensibilityGlobals) = postSolution
		SolutionGuid = {625C29D4-45CC-425F-A891-EAD5946E775D}
	EndGlobalSection
EndGlobal
